// !$*UTF8*$!
{
	archiveVersion = 1;
	classes = {
	};
	objectVersion = 51;
	objects = {

/* Begin PBXBuildFile section */
		4B308F232517C3F900CD6C58 /* MoviesViewController.swift in Sources */ = {isa = PBXBuildFile; fileRef = 4B308F222517C3F900CD6C58 /* MoviesViewController.swift */; };
		4B308F252517FA8300CD6C58 /* MovieCell.swift in Sources */ = {isa = PBXBuildFile; fileRef = 4B308F242517FA8300CD6C58 /* MovieCell.swift */; };
		4B919E1025218A9400B6B2A7 /* MovieDetailsViewController.swift in Sources */ = {isa = PBXBuildFile; fileRef = 4B919E0F25218A9400B6B2A7 /* MovieDetailsViewController.swift */; };
		4B919E1825241B4300B6B2A7 /* MovieGridViewController.swift in Sources */ = {isa = PBXBuildFile; fileRef = 4B919E1725241B4300B6B2A7 /* MovieGridViewController.swift */; };
		4B919E252526C4B300B6B2A7 /* MovieGridCollectionViewCell.swift in Sources */ = {isa = PBXBuildFile; fileRef = 4B919E242526C4B300B6B2A7 /* MovieGridCollectionViewCell.swift */; };
		4BB0139F2517BB51004EBF1F /* AppDelegate.swift in Sources */ = {isa = PBXBuildFile; fileRef = 4BB0139E2517BB51004EBF1F /* AppDelegate.swift */; };
		4BB013A12517BB51004EBF1F /* SceneDelegate.swift in Sources */ = {isa = PBXBuildFile; fileRef = 4BB013A02517BB51004EBF1F /* SceneDelegate.swift */; };
		4BB013A62517BB51004EBF1F /* Main.storyboard in Resources */ = {isa = PBXBuildFile; fileRef = 4BB013A42517BB51004EBF1F /* Main.storyboard */; };
		4BB013A82517BB54004EBF1F /* Assets.xcassets in Resources */ = {isa = PBXBuildFile; fileRef = 4BB013A72517BB54004EBF1F /* Assets.xcassets */; };
		4BB013AB2517BB54004EBF1F /* LaunchScreen.storyboard in Resources */ = {isa = PBXBuildFile; fileRef = 4BB013A92517BB54004EBF1F /* LaunchScreen.storyboard */; };
		4BB013B62517BB54004EBF1F /* FlixAppTests.swift in Sources */ = {isa = PBXBuildFile; fileRef = 4BB013B52517BB54004EBF1F /* FlixAppTests.swift */; };
		4BB013C12517BB54004EBF1F /* FlixAppUITests.swift in Sources */ = {isa = PBXBuildFile; fileRef = 4BB013C02517BB54004EBF1F /* FlixAppUITests.swift */; };
		4BEE36C625282FF70036F363 /* MovieGridDetailsViewController.swift in Sources */ = {isa = PBXBuildFile; fileRef = 4BEE36C525282FF70036F363 /* MovieGridDetailsViewController.swift */; };
		4E5EB8A35C2B3C4D7C01635E /* Pods_FlixApp_FlixAppUITests.framework in Frameworks */ = {isa = PBXBuildFile; fileRef = 5B7A2D8277E748552618871B /* Pods_FlixApp_FlixAppUITests.framework */; };
		A51C13EDDE01F7CA89FF33B9 /* Pods_FlixAppTests.framework in Frameworks */ = {isa = PBXBuildFile; fileRef = BFCD8F995FA94F483570A243 /* Pods_FlixAppTests.framework */; };
		CB03F92FE6AB1D3834CEA0BA /* Pods_FlixApp.framework in Frameworks */ = {isa = PBXBuildFile; fileRef = CECD3D676024A46EFD8630D3 /* Pods_FlixApp.framework */; };
/* End PBXBuildFile section */

/* Begin PBXContainerItemProxy section */
		4BB013B22517BB54004EBF1F /* PBXContainerItemProxy */ = {
			isa = PBXContainerItemProxy;
			containerPortal = 4BB013932517BB51004EBF1F /* Project object */;
			proxyType = 1;
			remoteGlobalIDString = 4BB0139A2517BB51004EBF1F;
			remoteInfo = FlixApp;
		};
		4BB013BD2517BB54004EBF1F /* PBXContainerItemProxy */ = {
			isa = PBXContainerItemProxy;
			containerPortal = 4BB013932517BB51004EBF1F /* Project object */;
			proxyType = 1;
			remoteGlobalIDString = 4BB0139A2517BB51004EBF1F;
			remoteInfo = FlixApp;
		};
/* End PBXContainerItemProxy section */

/* Begin PBXFileReference section */
		0B8E68E3D8F92BEBE8ADC483 /* Pods-FlixApp-FlixAppUITests.debug.xcconfig */ = {isa = PBXFileReference; includeInIndex = 1; lastKnownFileType = text.xcconfig; name = "Pods-FlixApp-FlixAppUITests.debug.xcconfig"; path = "Target Support Files/Pods-FlixApp-FlixAppUITests/Pods-FlixApp-FlixAppUITests.debug.xcconfig"; sourceTree = "<group>"; };
		4B308F222517C3F900CD6C58 /* MoviesViewController.swift */ = {isa = PBXFileReference; lastKnownFileType = sourcecode.swift; path = MoviesViewController.swift; sourceTree = "<group>"; };
		4B308F242517FA8300CD6C58 /* MovieCell.swift */ = {isa = PBXFileReference; lastKnownFileType = sourcecode.swift; path = MovieCell.swift; sourceTree = "<group>"; };
		4B919E0F25218A9400B6B2A7 /* MovieDetailsViewController.swift */ = {isa = PBXFileReference; lastKnownFileType = sourcecode.swift; path = MovieDetailsViewController.swift; sourceTree = "<group>"; };
		4B919E1725241B4300B6B2A7 /* MovieGridViewController.swift */ = {isa = PBXFileReference; lastKnownFileType = sourcecode.swift; path = MovieGridViewController.swift; sourceTree = "<group>"; };
		4B919E242526C4B300B6B2A7 /* MovieGridCollectionViewCell.swift */ = {isa = PBXFileReference; lastKnownFileType = sourcecode.swift; path = MovieGridCollectionViewCell.swift; sourceTree = "<group>"; };
		4BB0139B2517BB51004EBF1F /* FlixApp.app */ = {isa = PBXFileReference; explicitFileType = wrapper.application; includeInIndex = 0; path = FlixApp.app; sourceTree = BUILT_PRODUCTS_DIR; };
		4BB0139E2517BB51004EBF1F /* AppDelegate.swift */ = {isa = PBXFileReference; lastKnownFileType = sourcecode.swift; path = AppDelegate.swift; sourceTree = "<group>"; };
		4BB013A02517BB51004EBF1F /* SceneDelegate.swift */ = {isa = PBXFileReference; lastKnownFileType = sourcecode.swift; path = SceneDelegate.swift; sourceTree = "<group>"; };
		4BB013A52517BB51004EBF1F /* Base */ = {isa = PBXFileReference; lastKnownFileType = file.storyboard; name = Base; path = Base.lproj/Main.storyboard; sourceTree = "<group>"; };
		4BB013A72517BB54004EBF1F /* Assets.xcassets */ = {isa = PBXFileReference; lastKnownFileType = folder.assetcatalog; path = Assets.xcassets; sourceTree = "<group>"; };
		4BB013AA2517BB54004EBF1F /* Base */ = {isa = PBXFileReference; lastKnownFileType = file.storyboard; name = Base; path = Base.lproj/LaunchScreen.storyboard; sourceTree = "<group>"; };
		4BB013AC2517BB54004EBF1F /* Info.plist */ = {isa = PBXFileReference; lastKnownFileType = text.plist.xml; path = Info.plist; sourceTree = "<group>"; };
		4BB013B12517BB54004EBF1F /* FlixAppTests.xctest */ = {isa = PBXFileReference; explicitFileType = wrapper.cfbundle; includeInIndex = 0; path = FlixAppTests.xctest; sourceTree = BUILT_PRODUCTS_DIR; };
		4BB013B52517BB54004EBF1F /* FlixAppTests.swift */ = {isa = PBXFileReference; lastKnownFileType = sourcecode.swift; path = FlixAppTests.swift; sourceTree = "<group>"; };
		4BB013B72517BB54004EBF1F /* Info.plist */ = {isa = PBXFileReference; lastKnownFileType = text.plist.xml; path = Info.plist; sourceTree = "<group>"; };
		4BB013BC2517BB54004EBF1F /* FlixAppUITests.xctest */ = {isa = PBXFileReference; explicitFileType = wrapper.cfbundle; includeInIndex = 0; path = FlixAppUITests.xctest; sourceTree = BUILT_PRODUCTS_DIR; };
		4BB013C02517BB54004EBF1F /* FlixAppUITests.swift */ = {isa = PBXFileReference; lastKnownFileType = sourcecode.swift; path = FlixAppUITests.swift; sourceTree = "<group>"; };
		4BB013C22517BB54004EBF1F /* Info.plist */ = {isa = PBXFileReference; lastKnownFileType = text.plist.xml; path = Info.plist; sourceTree = "<group>"; };
		4BEE36C525282FF70036F363 /* MovieGridDetailsViewController.swift */ = {isa = PBXFileReference; lastKnownFileType = sourcecode.swift; path = MovieGridDetailsViewController.swift; sourceTree = "<group>"; };
		5B7A2D8277E748552618871B /* Pods_FlixApp_FlixAppUITests.framework */ = {isa = PBXFileReference; explicitFileType = wrapper.framework; includeInIndex = 0; path = Pods_FlixApp_FlixAppUITests.framework; sourceTree = BUILT_PRODUCTS_DIR; };
		BFCD8F995FA94F483570A243 /* Pods_FlixAppTests.framework */ = {isa = PBXFileReference; explicitFileType = wrapper.framework; includeInIndex = 0; path = Pods_FlixAppTests.framework; sourceTree = BUILT_PRODUCTS_DIR; };
		C49325F0E5FDF690D9D61AD3 /* Pods-FlixAppTests.debug.xcconfig */ = {isa = PBXFileReference; includeInIndex = 1; lastKnownFileType = text.xcconfig; name = "Pods-FlixAppTests.debug.xcconfig"; path = "Target Support Files/Pods-FlixAppTests/Pods-FlixAppTests.debug.xcconfig"; sourceTree = "<group>"; };
		C9AD349EA33E0ABA286F08CA /* Pods-FlixApp-FlixAppUITests.release.xcconfig */ = {isa = PBXFileReference; includeInIndex = 1; lastKnownFileType = text.xcconfig; name = "Pods-FlixApp-FlixAppUITests.release.xcconfig"; path = "Target Support Files/Pods-FlixApp-FlixAppUITests/Pods-FlixApp-FlixAppUITests.release.xcconfig"; sourceTree = "<group>"; };
		CECD3D676024A46EFD8630D3 /* Pods_FlixApp.framework */ = {isa = PBXFileReference; explicitFileType = wrapper.framework; includeInIndex = 0; path = Pods_FlixApp.framework; sourceTree = BUILT_PRODUCTS_DIR; };
		D2B204009878A9A14A2BD375 /* Pods-FlixAppTests.release.xcconfig */ = {isa = PBXFileReference; includeInIndex = 1; lastKnownFileType = text.xcconfig; name = "Pods-FlixAppTests.release.xcconfig"; path = "Target Support Files/Pods-FlixAppTests/Pods-FlixAppTests.release.xcconfig"; sourceTree = "<group>"; };
		D9BEA68183E058B1B0A64282 /* Pods-FlixApp.debug.xcconfig */ = {isa = PBXFileReference; includeInIndex = 1; lastKnownFileType = text.xcconfig; name = "Pods-FlixApp.debug.xcconfig"; path = "Target Support Files/Pods-FlixApp/Pods-FlixApp.debug.xcconfig"; sourceTree = "<group>"; };
		E3C18507A39D1C97E9B011D4 /* Pods-FlixApp.release.xcconfig */ = {isa = PBXFileReference; includeInIndex = 1; lastKnownFileType = text.xcconfig; name = "Pods-FlixApp.release.xcconfig"; path = "Target Support Files/Pods-FlixApp/Pods-FlixApp.release.xcconfig"; sourceTree = "<group>"; };
/* End PBXFileReference section */

/* Begin PBXFrameworksBuildPhase section */
		4BB013982517BB51004EBF1F /* Frameworks */ = {
			isa = PBXFrameworksBuildPhase;
			buildActionMask = 2147483647;
			files = (
				CB03F92FE6AB1D3834CEA0BA /* Pods_FlixApp.framework in Frameworks */,
			);
			runOnlyForDeploymentPostprocessing = 0;
		};
		4BB013AE2517BB54004EBF1F /* Frameworks */ = {
			isa = PBXFrameworksBuildPhase;
			buildActionMask = 2147483647;
			files = (
				A51C13EDDE01F7CA89FF33B9 /* Pods_FlixAppTests.framework in Frameworks */,
			);
			runOnlyForDeploymentPostprocessing = 0;
		};
		4BB013B92517BB54004EBF1F /* Frameworks */ = {
			isa = PBXFrameworksBuildPhase;
			buildActionMask = 2147483647;
			files = (
				4E5EB8A35C2B3C4D7C01635E /* Pods_FlixApp_FlixAppUITests.framework in Frameworks */,
			);
			runOnlyForDeploymentPostprocessing = 0;
		};
/* End PBXFrameworksBuildPhase section */

/* Begin PBXGroup section */
		4BB013922517BB51004EBF1F = {
			isa = PBXGroup;
			children = (
				4BB0139D2517BB51004EBF1F /* FlixApp */,
				4BB013B42517BB54004EBF1F /* FlixAppTests */,
				4BB013BF2517BB54004EBF1F /* FlixAppUITests */,
				4BB0139C2517BB51004EBF1F /* Products */,
				B7969F77C7D55DF71E111D87 /* Pods */,
				959386EF741D08ECEB056E5D /* Frameworks */,
			);
			sourceTree = "<group>";
		};
		4BB0139C2517BB51004EBF1F /* Products */ = {
			isa = PBXGroup;
			children = (
				4BB0139B2517BB51004EBF1F /* FlixApp.app */,
				4BB013B12517BB54004EBF1F /* FlixAppTests.xctest */,
				4BB013BC2517BB54004EBF1F /* FlixAppUITests.xctest */,
			);
			name = Products;
			sourceTree = "<group>";
		};
		4BB0139D2517BB51004EBF1F /* FlixApp */ = {
			isa = PBXGroup;
			children = (
				4B919E242526C4B300B6B2A7 /* MovieGridCollectionViewCell.swift */,
				4B919E1725241B4300B6B2A7 /* MovieGridViewController.swift */,
				4BB0139E2517BB51004EBF1F /* AppDelegate.swift */,
				4BB013A02517BB51004EBF1F /* SceneDelegate.swift */,
				4B919E0F25218A9400B6B2A7 /* MovieDetailsViewController.swift */,
				4BEE36C525282FF70036F363 /* MovieGridDetailsViewController.swift */,
				4BB013A42517BB51004EBF1F /* Main.storyboard */,
				4B308F242517FA8300CD6C58 /* MovieCell.swift */,
				4BB013A72517BB54004EBF1F /* Assets.xcassets */,
				4BB013A92517BB54004EBF1F /* LaunchScreen.storyboard */,
				4BB013AC2517BB54004EBF1F /* Info.plist */,
				4B308F222517C3F900CD6C58 /* MoviesViewController.swift */,
			);
			path = FlixApp;
			sourceTree = "<group>";
		};
		4BB013B42517BB54004EBF1F /* FlixAppTests */ = {
			isa = PBXGroup;
			children = (
				4BB013B52517BB54004EBF1F /* FlixAppTests.swift */,
				4BB013B72517BB54004EBF1F /* Info.plist */,
			);
			path = FlixAppTests;
			sourceTree = "<group>";
		};
		4BB013BF2517BB54004EBF1F /* FlixAppUITests */ = {
			isa = PBXGroup;
			children = (
				4BB013C02517BB54004EBF1F /* FlixAppUITests.swift */,
				4BB013C22517BB54004EBF1F /* Info.plist */,
			);
			path = FlixAppUITests;
			sourceTree = "<group>";
		};
		959386EF741D08ECEB056E5D /* Frameworks */ = {
			isa = PBXGroup;
			children = (
				CECD3D676024A46EFD8630D3 /* Pods_FlixApp.framework */,
				5B7A2D8277E748552618871B /* Pods_FlixApp_FlixAppUITests.framework */,
				BFCD8F995FA94F483570A243 /* Pods_FlixAppTests.framework */,
			);
			name = Frameworks;
			sourceTree = "<group>";
		};
		B7969F77C7D55DF71E111D87 /* Pods */ = {
			isa = PBXGroup;
			children = (
				D9BEA68183E058B1B0A64282 /* Pods-FlixApp.debug.xcconfig */,
				E3C18507A39D1C97E9B011D4 /* Pods-FlixApp.release.xcconfig */,
				0B8E68E3D8F92BEBE8ADC483 /* Pods-FlixApp-FlixAppUITests.debug.xcconfig */,
				C9AD349EA33E0ABA286F08CA /* Pods-FlixApp-FlixAppUITests.release.xcconfig */,
				C49325F0E5FDF690D9D61AD3 /* Pods-FlixAppTests.debug.xcconfig */,
				D2B204009878A9A14A2BD375 /* Pods-FlixAppTests.release.xcconfig */,
			);
			path = Pods;
			sourceTree = "<group>";
		};
/* End PBXGroup section */

/* Begin PBXNativeTarget section */
		4BB0139A2517BB51004EBF1F /* FlixApp */ = {
			isa = PBXNativeTarget;
			buildConfigurationList = 4BB013C52517BB54004EBF1F /* Build configuration list for PBXNativeTarget "FlixApp" */;
			buildPhases = (
				53772159816348049EFE9738 /* [CP] Check Pods Manifest.lock */,
				4BB013972517BB51004EBF1F /* Sources */,
				4BB013982517BB51004EBF1F /* Frameworks */,
				4BB013992517BB51004EBF1F /* Resources */,
				8F3C926C1741B2666AE0E525 /* [CP] Embed Pods Frameworks */,
			);
			buildRules = (
			);
			dependencies = (
			);
			name = FlixApp;
			productName = FlixApp;
			productReference = 4BB0139B2517BB51004EBF1F /* FlixApp.app */;
			productType = "com.apple.product-type.application";
		};
		4BB013B02517BB54004EBF1F /* FlixAppTests */ = {
			isa = PBXNativeTarget;
			buildConfigurationList = 4BB013C82517BB54004EBF1F /* Build configuration list for PBXNativeTarget "FlixAppTests" */;
			buildPhases = (
				4C4364FB09A68596CA73F128 /* [CP] Check Pods Manifest.lock */,
				4BB013AD2517BB54004EBF1F /* Sources */,
				4BB013AE2517BB54004EBF1F /* Frameworks */,
				4BB013AF2517BB54004EBF1F /* Resources */,
			);
			buildRules = (
			);
			dependencies = (
				4BB013B32517BB54004EBF1F /* PBXTargetDependency */,
			);
			name = FlixAppTests;
			productName = FlixAppTests;
			productReference = 4BB013B12517BB54004EBF1F /* FlixAppTests.xctest */;
			productType = "com.apple.product-type.bundle.unit-test";
		};
		4BB013BB2517BB54004EBF1F /* FlixAppUITests */ = {
			isa = PBXNativeTarget;
			buildConfigurationList = 4BB013CB2517BB54004EBF1F /* Build configuration list for PBXNativeTarget "FlixAppUITests" */;
			buildPhases = (
				B965CF7DDF340455F3DA946C /* [CP] Check Pods Manifest.lock */,
				4BB013B82517BB54004EBF1F /* Sources */,
				4BB013B92517BB54004EBF1F /* Frameworks */,
				4BB013BA2517BB54004EBF1F /* Resources */,
				436C20CDF1FF5B930CAFEAD0 /* [CP] Embed Pods Frameworks */,
			);
			buildRules = (
			);
			dependencies = (
				4BB013BE2517BB54004EBF1F /* PBXTargetDependency */,
			);
			name = FlixAppUITests;
			productName = FlixAppUITests;
			productReference = 4BB013BC2517BB54004EBF1F /* FlixAppUITests.xctest */;
			productType = "com.apple.product-type.bundle.ui-testing";
		};
/* End PBXNativeTarget section */

/* Begin PBXProject section */
		4BB013932517BB51004EBF1F /* Project object */ = {
			isa = PBXProject;
			attributes = {
				LastSwiftUpdateCheck = 1170;
				LastUpgradeCheck = 1170;
				ORGANIZATIONNAME = "Karol Phung";
				TargetAttributes = {
					4BB0139A2517BB51004EBF1F = {
						CreatedOnToolsVersion = 11.7;
					};
					4BB013B02517BB54004EBF1F = {
						CreatedOnToolsVersion = 11.7;
						TestTargetID = 4BB0139A2517BB51004EBF1F;
					};
					4BB013BB2517BB54004EBF1F = {
						CreatedOnToolsVersion = 11.7;
						TestTargetID = 4BB0139A2517BB51004EBF1F;
					};
				};
			};
			buildConfigurationList = 4BB013962517BB51004EBF1F /* Build configuration list for PBXProject "FlixApp" */;
			compatibilityVersion = "Xcode 9.3";
			developmentRegion = en;
			hasScannedForEncodings = 0;
			knownRegions = (
				en,
				Base,
			);
			mainGroup = 4BB013922517BB51004EBF1F;
			productRefGroup = 4BB0139C2517BB51004EBF1F /* Products */;
			projectDirPath = "";
			projectRoot = "";
			targets = (
				4BB0139A2517BB51004EBF1F /* FlixApp */,
				4BB013B02517BB54004EBF1F /* FlixAppTests */,
				4BB013BB2517BB54004EBF1F /* FlixAppUITests */,
			);
		};
/* End PBXProject section */

/* Begin PBXResourcesBuildPhase section */
		4BB013992517BB51004EBF1F /* Resources */ = {
			isa = PBXResourcesBuildPhase;
			buildActionMask = 2147483647;
			files = (
				4BB013AB2517BB54004EBF1F /* LaunchScreen.storyboard in Resources */,
				4BB013A82517BB54004EBF1F /* Assets.xcassets in Resources */,
				4BB013A62517BB51004EBF1F /* Main.storyboard in Resources */,
			);
			runOnlyForDeploymentPostprocessing = 0;
		};
		4BB013AF2517BB54004EBF1F /* Resources */ = {
			isa = PBXResourcesBuildPhase;
			buildActionMask = 2147483647;
			files = (
			);
			runOnlyForDeploymentPostprocessing = 0;
		};
		4BB013BA2517BB54004EBF1F /* Resources */ = {
			isa = PBXResourcesBuildPhase;
			buildActionMask = 2147483647;
			files = (
			);
			runOnlyForDeploymentPostprocessing = 0;
		};
/* End PBXResourcesBuildPhase section */

/* Begin PBXShellScriptBuildPhase section */
		436C20CDF1FF5B930CAFEAD0 /* [CP] Embed Pods Frameworks */ = {
			isa = PBXShellScriptBuildPhase;
			buildActionMask = 2147483647;
			files = (
			);
			inputFileListPaths = (
				"${PODS_ROOT}/Target Support Files/Pods-FlixApp-FlixAppUITests/Pods-FlixApp-FlixAppUITests-frameworks-${CONFIGURATION}-input-files.xcfilelist",
			);
			name = "[CP] Embed Pods Frameworks";
			outputFileListPaths = (
				"${PODS_ROOT}/Target Support Files/Pods-FlixApp-FlixAppUITests/Pods-FlixApp-FlixAppUITests-frameworks-${CONFIGURATION}-output-files.xcfilelist",
			);
			runOnlyForDeploymentPostprocessing = 0;
			shellPath = /bin/sh;
			shellScript = "\"${PODS_ROOT}/Target Support Files/Pods-FlixApp-FlixAppUITests/Pods-FlixApp-FlixAppUITests-frameworks.sh\"\n";
			showEnvVarsInLog = 0;
		};
		4C4364FB09A68596CA73F128 /* [CP] Check Pods Manifest.lock */ = {
			isa = PBXShellScriptBuildPhase;
			buildActionMask = 2147483647;
			files = (
			);
			inputFileListPaths = (
			);
			inputPaths = (
				"${PODS_PODFILE_DIR_PATH}/Podfile.lock",
				"${PODS_ROOT}/Manifest.lock",
			);
			name = "[CP] Check Pods Manifest.lock";
			outputFileListPaths = (
			);
			outputPaths = (
				"$(DERIVED_FILE_DIR)/Pods-FlixAppTests-checkManifestLockResult.txt",
			);
			runOnlyForDeploymentPostprocessing = 0;
			shellPath = /bin/sh;
			shellScript = "diff \"${PODS_PODFILE_DIR_PATH}/Podfile.lock\" \"${PODS_ROOT}/Manifest.lock\" > /dev/null\nif [ $? != 0 ] ; then\n    # print error to STDERR\n    echo \"error: The sandbox is not in sync with the Podfile.lock. Run 'pod install' or update your CocoaPods installation.\" >&2\n    exit 1\nfi\n# This output is used by Xcode 'outputs' to avoid re-running this script phase.\necho \"SUCCESS\" > \"${SCRIPT_OUTPUT_FILE_0}\"\n";
			showEnvVarsInLog = 0;
		};
		53772159816348049EFE9738 /* [CP] Check Pods Manifest.lock */ = {
			isa = PBXShellScriptBuildPhase;
			buildActionMask = 2147483647;
			files = (
			);
			inputFileListPaths = (
			);
			inputPaths = (
				"${PODS_PODFILE_DIR_PATH}/Podfile.lock",
				"${PODS_ROOT}/Manifest.lock",
			);
			name = "[CP] Check Pods Manifest.lock";
			outputFileListPaths = (
			);
			outputPaths = (
				"$(DERIVED_FILE_DIR)/Pods-FlixApp-checkManifestLockResult.txt",
			);
			runOnlyForDeploymentPostprocessing = 0;
			shellPath = /bin/sh;
			shellScript = "diff \"${PODS_PODFILE_DIR_PATH}/Podfile.lock\" \"${PODS_ROOT}/Manifest.lock\" > /dev/null\nif [ $? != 0 ] ; then\n    # print error to STDERR\n    echo \"error: The sandbox is not in sync with the Podfile.lock. Run 'pod install' or update your CocoaPods installation.\" >&2\n    exit 1\nfi\n# This output is used by Xcode 'outputs' to avoid re-running this script phase.\necho \"SUCCESS\" > \"${SCRIPT_OUTPUT_FILE_0}\"\n";
			showEnvVarsInLog = 0;
		};
		8F3C926C1741B2666AE0E525 /* [CP] Embed Pods Frameworks */ = {
			isa = PBXShellScriptBuildPhase;
			buildActionMask = 2147483647;
			files = (
			);
			inputFileListPaths = (
				"${PODS_ROOT}/Target Support Files/Pods-FlixApp/Pods-FlixApp-frameworks-${CONFIGURATION}-input-files.xcfilelist",
			);
			name = "[CP] Embed Pods Frameworks";
			outputFileListPaths = (
				"${PODS_ROOT}/Target Support Files/Pods-FlixApp/Pods-FlixApp-frameworks-${CONFIGURATION}-output-files.xcfilelist",
			);
			runOnlyForDeploymentPostprocessing = 0;
			shellPath = /bin/sh;
			shellScript = "\"${PODS_ROOT}/Target Support Files/Pods-FlixApp/Pods-FlixApp-frameworks.sh\"\n";
			showEnvVarsInLog = 0;
		};
		B965CF7DDF340455F3DA946C /* [CP] Check Pods Manifest.lock */ = {
			isa = PBXShellScriptBuildPhase;
			buildActionMask = 2147483647;
			files = (
			);
			inputFileListPaths = (
			);
			inputPaths = (
				"${PODS_PODFILE_DIR_PATH}/Podfile.lock",
				"${PODS_ROOT}/Manifest.lock",
			);
			name = "[CP] Check Pods Manifest.lock";
			outputFileListPaths = (
			);
			outputPaths = (
				"$(DERIVED_FILE_DIR)/Pods-FlixApp-FlixAppUITests-checkManifestLockResult.txt",
			);
			runOnlyForDeploymentPostprocessing = 0;
			shellPath = /bin/sh;
			shellScript = "diff \"${PODS_PODFILE_DIR_PATH}/Podfile.lock\" \"${PODS_ROOT}/Manifest.lock\" > /dev/null\nif [ $? != 0 ] ; then\n    # print error to STDERR\n    echo \"error: The sandbox is not in sync with the Podfile.lock. Run 'pod install' or update your CocoaPods installation.\" >&2\n    exit 1\nfi\n# This output is used by Xcode 'outputs' to avoid re-running this script phase.\necho \"SUCCESS\" > \"${SCRIPT_OUTPUT_FILE_0}\"\n";
			showEnvVarsInLog = 0;
		};
/* End PBXShellScriptBuildPhase section */

/* Begin PBXSourcesBuildPhase section */
		4BB013972517BB51004EBF1F /* Sources */ = {
			isa = PBXSourcesBuildPhase;
			buildActionMask = 2147483647;
			files = (
				4B919E252526C4B300B6B2A7 /* MovieGridCollectionViewCell.swift in Sources */,
				4B919E1025218A9400B6B2A7 /* MovieDetailsViewController.swift in Sources */,
				4BEE36C625282FF70036F363 /* MovieGridDetailsViewController.swift in Sources */,
				4BB0139F2517BB51004EBF1F /* AppDelegate.swift in Sources */,
				4BB013A12517BB51004EBF1F /* SceneDelegate.swift in Sources */,
				4B308F252517FA8300CD6C58 /* MovieCell.swift in Sources */,
				4B308F232517C3F900CD6C58 /* MoviesViewController.swift in Sources */,
				4B919E1825241B4300B6B2A7 /* MovieGridViewController.swift in Sources */,
			);
			runOnlyForDeploymentPostprocessing = 0;
		};
		4BB013AD2517BB54004EBF1F /* Sources */ = {
			isa = PBXSourcesBuildPhase;
			buildActionMask = 2147483647;
			files = (
				4BB013B62517BB54004EBF1F /* FlixAppTests.swift in Sources */,
			);
			runOnlyForDeploymentPostprocessing = 0;
		};
		4BB013B82517BB54004EBF1F /* Sources */ = {
			isa = PBXSourcesBuildPhase;
			buildActionMask = 2147483647;
			files = (
				4BB013C12517BB54004EBF1F /* FlixAppUITests.swift in Sources */,
			);
			runOnlyForDeploymentPostprocessing = 0;
		};
/* End PBXSourcesBuildPhase section */

/* Begin PBXTargetDependency section */
		4BB013B32517BB54004EBF1F /* PBXTargetDependency */ = {
			isa = PBXTargetDependency;
			target = 4BB0139A2517BB51004EBF1F /* FlixApp */;
			targetProxy = 4BB013B22517BB54004EBF1F /* PBXContainerItemProxy */;
		};
		4BB013BE2517BB54004EBF1F /* PBXTargetDependency */ = {
			isa = PBXTargetDependency;
			target = 4BB0139A2517BB51004EBF1F /* FlixApp */;
			targetProxy = 4BB013BD2517BB54004EBF1F /* PBXContainerItemProxy */;
		};
/* End PBXTargetDependency section */

/* Begin PBXVariantGroup section */
		4BB013A42517BB51004EBF1F /* Main.storyboard */ = {
			isa = PBXVariantGroup;
			children = (
				4BB013A52517BB51004EBF1F /* Base */,
			);
			name = Main.storyboard;
			sourceTree = "<group>";
		};
		4BB013A92517BB54004EBF1F /* LaunchScreen.storyboard */ = {
			isa = PBXVariantGroup;
			children = (
				4BB013AA2517BB54004EBF1F /* Base */,
			);
			name = LaunchScreen.storyboard;
			sourceTree = "<group>";
		};
/* End PBXVariantGroup section */

/* Begin XCBuildConfiguration section */
		4BB013C32517BB54004EBF1F /* Debug */ = {
			isa = XCBuildConfiguration;
			buildSettings = {
				ALWAYS_SEARCH_USER_PATHS = NO;
				CLANG_ANALYZER_NONNULL = YES;
				CLANG_ANALYZER_NUMBER_OBJECT_CONVERSION = YES_AGGRESSIVE;
				CLANG_CXX_LANGUAGE_STANDARD = "gnu++14";
				CLANG_CXX_LIBRARY = "libc++";
				CLANG_ENABLE_MODULES = YES;
				CLANG_ENABLE_OBJC_ARC = YES;
				CLANG_ENABLE_OBJC_WEAK = YES;
				CLANG_WARN_BLOCK_CAPTURE_AUTORELEASING = YES;
				CLANG_WARN_BOOL_CONVERSION = YES;
				CLANG_WARN_COMMA = YES;
				CLANG_WARN_CONSTANT_CONVERSION = YES;
				CLANG_WARN_DEPRECATED_OBJC_IMPLEMENTATIONS = YES;
				CLANG_WARN_DIRECT_OBJC_ISA_USAGE = YES_ERROR;
				CLANG_WARN_DOCUMENTATION_COMMENTS = YES;
				CLANG_WARN_EMPTY_BODY = YES;
				CLANG_WARN_ENUM_CONVERSION = YES;
				CLANG_WARN_INFINITE_RECURSION = YES;
				CLANG_WARN_INT_CONVERSION = YES;
				CLANG_WARN_NON_LITERAL_NULL_CONVERSION = YES;
				CLANG_WARN_OBJC_IMPLICIT_RETAIN_SELF = YES;
				CLANG_WARN_OBJC_LITERAL_CONVERSION = YES;
				CLANG_WARN_OBJC_ROOT_CLASS = YES_ERROR;
				CLANG_WARN_RANGE_LOOP_ANALYSIS = YES;
				CLANG_WARN_STRICT_PROTOTYPES = YES;
				CLANG_WARN_SUSPICIOUS_MOVE = YES;
				CLANG_WARN_UNGUARDED_AVAILABILITY = YES_AGGRESSIVE;
				CLANG_WARN_UNREACHABLE_CODE = YES;
				CLANG_WARN__DUPLICATE_METHOD_MATCH = YES;
				COPY_PHASE_STRIP = NO;
				DEBUG_INFORMATION_FORMAT = dwarf;
				ENABLE_STRICT_OBJC_MSGSEND = YES;
				ENABLE_TESTABILITY = YES;
				GCC_C_LANGUAGE_STANDARD = gnu11;
				GCC_DYNAMIC_NO_PIC = NO;
				GCC_NO_COMMON_BLOCKS = YES;
				GCC_OPTIMIZATION_LEVEL = 0;
				GCC_PREPROCESSOR_DEFINITIONS = (
					"DEBUG=1",
					"$(inherited)",
				);
				GCC_WARN_64_TO_32_BIT_CONVERSION = YES;
				GCC_WARN_ABOUT_RETURN_TYPE = YES_ERROR;
				GCC_WARN_UNDECLARED_SELECTOR = YES;
				GCC_WARN_UNINITIALIZED_AUTOS = YES_AGGRESSIVE;
				GCC_WARN_UNUSED_FUNCTION = YES;
				GCC_WARN_UNUSED_VARIABLE = YES;
				IPHONEOS_DEPLOYMENT_TARGET = 13.7;
				MTL_ENABLE_DEBUG_INFO = INCLUDE_SOURCE;
				MTL_FAST_MATH = YES;
				ONLY_ACTIVE_ARCH = YES;
				SDKROOT = iphoneos;
				SWIFT_ACTIVE_COMPILATION_CONDITIONS = DEBUG;
				SWIFT_OPTIMIZATION_LEVEL = "-Onone";
			};
			name = Debug;
		};
		4BB013C42517BB54004EBF1F /* Release */ = {
			isa = XCBuildConfiguration;
			buildSettings = {
				ALWAYS_SEARCH_USER_PATHS = NO;
				CLANG_ANALYZER_NONNULL = YES;
				CLANG_ANALYZER_NUMBER_OBJECT_CONVERSION = YES_AGGRESSIVE;
				CLANG_CXX_LANGUAGE_STANDARD = "gnu++14";
				CLANG_CXX_LIBRARY = "libc++";
				CLANG_ENABLE_MODULES = YES;
				CLANG_ENABLE_OBJC_ARC = YES;
				CLANG_ENABLE_OBJC_WEAK = YES;
				CLANG_WARN_BLOCK_CAPTURE_AUTORELEASING = YES;
				CLANG_WARN_BOOL_CONVERSION = YES;
				CLANG_WARN_COMMA = YES;
				CLANG_WARN_CONSTANT_CONVERSION = YES;
				CLANG_WARN_DEPRECATED_OBJC_IMPLEMENTATIONS = YES;
				CLANG_WARN_DIRECT_OBJC_ISA_USAGE = YES_ERROR;
				CLANG_WARN_DOCUMENTATION_COMMENTS = YES;
				CLANG_WARN_EMPTY_BODY = YES;
				CLANG_WARN_ENUM_CONVERSION = YES;
				CLANG_WARN_INFINITE_RECURSION = YES;
				CLANG_WARN_INT_CONVERSION = YES;
				CLANG_WARN_NON_LITERAL_NULL_CONVERSION = YES;
				CLANG_WARN_OBJC_IMPLICIT_RETAIN_SELF = YES;
				CLANG_WARN_OBJC_LITERAL_CONVERSION = YES;
				CLANG_WARN_OBJC_ROOT_CLASS = YES_ERROR;
				CLANG_WARN_RANGE_LOOP_ANALYSIS = YES;
				CLANG_WARN_STRICT_PROTOTYPES = YES;
				CLANG_WARN_SUSPICIOUS_MOVE = YES;
				CLANG_WARN_UNGUARDED_AVAILABILITY = YES_AGGRESSIVE;
				CLANG_WARN_UNREACHABLE_CODE = YES;
				CLANG_WARN__DUPLICATE_METHOD_MATCH = YES;
				COPY_PHASE_STRIP = NO;
				DEBUG_INFORMATION_FORMAT = "dwarf-with-dsym";
				ENABLE_NS_ASSERTIONS = NO;
				ENABLE_STRICT_OBJC_MSGSEND = YES;
				GCC_C_LANGUAGE_STANDARD = gnu11;
				GCC_NO_COMMON_BLOCKS = YES;
				GCC_WARN_64_TO_32_BIT_CONVERSION = YES;
				GCC_WARN_ABOUT_RETURN_TYPE = YES_ERROR;
				GCC_WARN_UNDECLARED_SELECTOR = YES;
				GCC_WARN_UNINITIALIZED_AUTOS = YES_AGGRESSIVE;
				GCC_WARN_UNUSED_FUNCTION = YES;
				GCC_WARN_UNUSED_VARIABLE = YES;
				IPHONEOS_DEPLOYMENT_TARGET = 13.7;
				MTL_ENABLE_DEBUG_INFO = NO;
				MTL_FAST_MATH = YES;
				SDKROOT = iphoneos;
				SWIFT_COMPILATION_MODE = wholemodule;
				SWIFT_OPTIMIZATION_LEVEL = "-O";
				VALIDATE_PRODUCT = YES;
			};
			name = Release;
		};
		4BB013C62517BB54004EBF1F /* Debug */ = {
			isa = XCBuildConfiguration;
			baseConfigurationReference = D9BEA68183E058B1B0A64282 /* Pods-FlixApp.debug.xcconfig */;
			buildSettings = {
				ASSETCATALOG_COMPILER_APPICON_NAME = AppIcon;
				CODE_SIGN_STYLE = Automatic;
				DEVELOPMENT_TEAM = MMN92CSRRL;
				INFOPLIST_FILE = FlixApp/Info.plist;
				LD_RUNPATH_SEARCH_PATHS = (
					"$(inherited)",
					"@executable_path/Frameworks",
				);
				PRODUCT_BUNDLE_IDENTIFIER = karolphung.FlixApp;
				PRODUCT_NAME = "$(TARGET_NAME)";
				SWIFT_VERSION = 5.0;
				TARGETED_DEVICE_FAMILY = "1,2";
			};
			name = Debug;
		};
		4BB013C72517BB54004EBF1F /* Release */ = {
			isa = XCBuildConfiguration;
			baseConfigurationReference = E3C18507A39D1C97E9B011D4 /* Pods-FlixApp.release.xcconfig */;
			buildSettings = {
				ASSETCATALOG_COMPILER_APPICON_NAME = AppIcon;
				CODE_SIGN_STYLE = Automatic;
				DEVELOPMENT_TEAM = MMN92CSRRL;
				INFOPLIST_FILE = FlixApp/Info.plist;
				LD_RUNPATH_SEARCH_PATHS = (
					"$(inherited)",
					"@executable_path/Frameworks",
				);
				PRODUCT_BUNDLE_IDENTIFIER = karolphung.FlixApp;
				PRODUCT_NAME = "$(TARGET_NAME)";
				SWIFT_VERSION = 5.0;
				TARGETED_DEVICE_FAMILY = "1,2";
			};
			name = Release;
		};
		4BB013C92517BB54004EBF1F /* Debug */ = {
			isa = XCBuildConfiguration;
			baseConfigurationReference = C49325F0E5FDF690D9D61AD3 /* Pods-FlixAppTests.debug.xcconfig */;
			buildSettings = {
				ALWAYS_EMBED_SWIFT_STANDARD_LIBRARIES = YES;
				BUNDLE_LOADER = "$(TEST_HOST)";
				CODE_SIGN_STYLE = Automatic;
				DEVELOPMENT_TEAM = MMN92CSRRL;
				INFOPLIST_FILE = FlixAppTests/Info.plist;
				IPHONEOS_DEPLOYMENT_TARGET = 13.7;
				LD_RUNPATH_SEARCH_PATHS = (
					"$(inherited)",
					"@executable_path/Frameworks",
					"@loader_path/Frameworks",
				);
				PRODUCT_BUNDLE_IDENTIFIER = karolphung.FlixAppTests;
				PRODUCT_NAME = "$(TARGET_NAME)";
				SWIFT_VERSION = 5.0;
				TARGETED_DEVICE_FAMILY = "1,2";
				TEST_HOST = "$(BUILT_PRODUCTS_DIR)/FlixApp.app/FlixApp";
			};
			name = Debug;
		};
		4BB013CA2517BB54004EBF1F /* Release */ = {
			isa = XCBuildConfiguration;
			baseConfigurationReference = D2B204009878A9A14A2BD375 /* Pods-FlixAppTests.release.xcconfig */;
			buildSettings = {
				ALWAYS_EMBED_SWIFT_STANDARD_LIBRARIES = YES;
				BUNDLE_LOADER = "$(TEST_HOST)";
				CODE_SIGN_STYLE = Automatic;
				DEVELOPMENT_TEAM = MMN92CSRRL;
				INFOPLIST_FILE = FlixAppTests/Info.plist;
				IPHONEOS_DEPLOYMENT_TARGET = 13.7;
				LD_RUNPATH_SEARCH_PATHS = (
					"$(inherited)",
					"@executable_path/Frameworks",
					"@loader_path/Frameworks",
				);
				PRODUCT_BUNDLE_IDENTIFIER = karolphung.FlixAppTests;
				PRODUCT_NAME = "$(TARGET_NAME)";
				SWIFT_VERSION = 5.0;
				TARGETED_DEVICE_FAMILY = "1,2";
				TEST_HOST = "$(BUILT_PRODUCTS_DIR)/FlixApp.app/FlixApp";
			};
			name = Release;
		};
		4BB013CC2517BB54004EBF1F /* Debug */ = {
			isa = XCBuildConfiguration;
			baseConfigurationReference = 0B8E68E3D8F92BEBE8ADC483 /* Pods-FlixApp-FlixAppUITests.debug.xcconfig */;
			buildSettings = {
				ALWAYS_EMBED_SWIFT_STANDARD_LIBRARIES = YES;
				CODE_SIGN_STYLE = Automatic;
				DEVELOPMENT_TEAM = MMN92CSRRL;
				INFOPLIST_FILE = FlixAppUITests/Info.plist;
				LD_RUNPATH_SEARCH_PATHS = (
					"$(inherited)",
					"@executable_path/Frameworks",
					"@loader_path/Frameworks",
				);
				PRODUCT_BUNDLE_IDENTIFIER = karolphung.FlixAppUITests;
				PRODUCT_NAME = "$(TARGET_NAME)";
				SWIFT_VERSION = 5.0;
				TARGETED_DEVICE_FAMILY = "1,2";
				TEST_TARGET_NAME = FlixApp;
			};
			name = Debug;
		};
		4BB013CD2517BB54004EBF1F /* Release */ = {
			isa = XCBuildConfiguration;
			baseConfigurationReference = C9AD349EA33E0ABA286F08CA /* Pods-FlixApp-FlixAppUITests.release.xcconfig */;
			buildSettings = {
				ALWAYS_EMBED_SWIFT_STANDARD_LIBRARIES = YES;
				CODE_SIGN_STYLE = Automatic;
				DEVELOPMENT_TEAM = MMN92CSRRL;
				INFOPLIST_FILE = FlixAppUITests/Info.plist;
				LD_RUNPATH_SEARCH_PATHS = (
					"$(inherited)",
					"@executable_path/Frameworks",
					"@loader_path/Frameworks",
				);
				PRODUCT_BUNDLE_IDENTIFIER = karolphung.FlixAppUITests;
				PRODUCT_NAME = "$(TARGET_NAME)";
				SWIFT_VERSION = 5.0;
				TARGETED_DEVICE_FAMILY = "1,2";
				TEST_TARGET_NAME = FlixApp;
			};
			name = Release;
		};
/* End XCBuildConfiguration section */

/* Begin XCConfigurationList section */
		4BB013962517BB51004EBF1F /* Build configuration list for PBXProject "FlixApp" */ = {
			isa = XCConfigurationList;
			buildConfigurations = (
				4BB013C32517BB54004EBF1F /* Debug */,
				4BB013C42517BB54004EBF1F /* Release */,
			);
			defaultConfigurationIsVisible = 0;
			defaultConfigurationName = Release;
		};
		4BB013C52517BB54004EBF1F /* Build configuration list for PBXNativeTarget "FlixApp" */ = {
			isa = XCConfigurationList;
			buildConfigurations = (
				4BB013C62517BB54004EBF1F /* Debug */,
				4BB013C72517BB54004EBF1F /* Release */,
			);
			defaultConfigurationIsVisible = 0;
			defaultConfigurationName = Release;
		};
		4BB013C82517BB54004EBF1F /* Build configuration list for PBXNativeTarget "FlixAppTests" */ = {
			isa = XCConfigurationList;
			buildConfigurations = (
				4BB013C92517BB54004EBF1F /* Debug */,
				4BB013CA2517BB54004EBF1F /* Release */,
			);
			defaultConfigurationIsVisible = 0;
			defaultConfigurationName = Release;
		};
		4BB013CB2517BB54004EBF1F /* Build configuration list for PBXNativeTarget "FlixAppUITests" */ = {
			isa = XCConfigurationList;
			buildConfigurations = (
				4BB013CC2517BB54004EBF1F /* Debug */,
				4BB013CD2517BB54004EBF1F /* Release */,
			);
			defaultConfigurationIsVisible = 0;
			defaultConfigurationName = Release;
		};
/* End XCConfigurationList section */
	};
	rootObject = 4BB013932517BB51004EBF1F /* Project object */;
}
